
Microsoft Visual Studio Solution File, Format Version 12.00
# Visual Studio Version 16
VisualStudioVersion = 16.0.29613.14
MinimumVisualStudioVersion = 10.0.40219.1
Project("{FAE04EC0-301F-11D3-BF4B-00C04F79EFBC}") = "Zenei_adok(e_inf_06_okt)", "Zenei_adok(e_inf_06_okt)\Zenei_adok(e_inf_06_okt).csproj", "{2FFFB574-E2AD-4A1E-A1E8-736E3EED2572}"
EndProject
Global
	GlobalSection(SolutionConfigurationPlatforms) = preSolution
		Debug|Any CPU = Debug|Any CPU
		Release|Any CPU = Release|Any CPU
	EndGlobalSection
	GlobalSection(ProjectConfigurationPlatforms) = postSolution
		{2FFFB574-E2AD-4A1E-A1E8-736E3EED2572}.Debug|Any CPU.ActiveCfg = Debug|Any CPU
		{2FFFB574-E2AD-4A1E-A1E8-736E3EED2572}.Debug|Any CPU.Build.0 = Debug|Any CPU
		{2FFFB574-E2AD-4A1E-A1E8-736E3EED2572}.Release|Any CPU.ActiveCfg = Release|Any CPU
		{2FFFB574-E2AD-4A1E-A1E8-736E3EED2572}.Release|Any CPU.Build.0 = Release|Any CPU
	EndGlobalSection
	GlobalSection(SolutionProperties) = preSolution
		HideSolutionNode = FALSE
	EndGlobalSection
	GlobalSection(ExtensibilityGlobals) = postSolution
		SolutionGuid = {A09712A2-31B6-4593-9E33-610575C54826}
	EndGlobalSection
EndGlobal
